Microsoft Visual Studio Solution File, Format Version 12.00
# Visual Studio Version 17
VisualStudioVersion = 17.5.2.0
MinimumVisualStudioVersion = 10.0.40219.1
Project("{FAE04EC0-301F-11D3-BF4B-00C04F79EFBC}") = "ASAutomation", "ASAutomation\ASAutomation.csproj", "{0E47C825-E21B-6220-2E56-2417705D4279}"
EndProject
Global
	GlobalSection(SolutionConfigurationPlatforms) = preSolution
		Debug|Any CPU = Debug|Any CPU
		Release|Any CPU = Release|Any CPU
	EndGlobalSection
	GlobalSection(ProjectConfigurationPlatforms) = postSolution
		{0E47C825-E21B-6220-2E56-2417705D4279}.Debug|Any CPU.ActiveCfg = Debug|Any CPU
		{0E47C825-E21B-6220-2E56-2417705D4279}.Debug|Any CPU.Build.0 = Debug|Any CPU
		{0E47C825-E21B-6220-2E56-2417705D4279}.Release|Any CPU.ActiveCfg = Release|Any CPU
		{0E47C825-E21B-6220-2E56-2417705D4279}.Release|Any CPU.Build.0 = Release|Any CPU
	EndGlobalSection
	GlobalSection(SolutionProperties) = preSolution
		HideSolutionNode = FALSE
	EndGlobalSection
	GlobalSection(ExtensibilityGlobals) = postSolution
		SolutionGuid = {8BE955BA-FC58-4DC1-9F17-C811222F41DD}
	EndGlobalSection
EndGlobal
